
Microsoft Visual Studio Solution File, Format Version 12.00
# Visual Studio Version 16
VisualStudioVersion = 16.0.32630.194
MinimumVisualStudioVersion = 10.0.40219.1
Project("{FAE04EC0-301F-11D3-BF4B-00C04F79EFBC}") = "HTTP5112-Csharp-Assignment-1", "HTTP5112-Csharp-Assignment-1\HTTP5112-Csharp-Assignment-1.csproj", "{3579CCE7-F042-4593-8FAA-4D72C4C4DCE0}"
EndProject
Global
	GlobalSection(SolutionConfigurationPlatforms) = preSolution
		Debug|Any CPU = Debug|Any CPU
		Release|Any CPU = Release|Any CPU
	EndGlobalSection
	GlobalSection(ProjectConfigurationPlatforms) = postSolution
		{3579CCE7-F042-4593-8FAA-4D72C4C4DCE0}.Debug|Any CPU.ActiveCfg = Debug|Any CPU
		{3579CCE7-F042-4593-8FAA-4D72C4C4DCE0}.Debug|Any CPU.Build.0 = Debug|Any CPU
		{3579CCE7-F042-4593-8FAA-4D72C4C4DCE0}.Release|Any CPU.ActiveCfg = Release|Any CPU
		{3579CCE7-F042-4593-8FAA-4D72C4C4DCE0}.Release|Any CPU.Build.0 = Release|Any CPU
	EndGlobalSection
	GlobalSection(SolutionProperties) = preSolution
		HideSolutionNode = FALSE
	EndGlobalSection
	GlobalSection(ExtensibilityGlobals) = postSolution
		SolutionGuid = {E79D2AE2-14DB-4DDD-B585-BF97C7A9F8F9}
	EndGlobalSection
EndGlobal
